// !$*UTF8*$!
{
	archiveVersion = 1;
	classes = {
	};
	objectVersion = 46;
	objects = {

/* Begin PBXBuildFile section */
		1C120DAD1CF7041200D833D4 /* main.m in Sources */ = {isa = PBXBuildFile; fileRef = 1C120DAC1CF7041200D833D4 /* main.m */; };
		1C120DB01CF7041200D833D4 /* AppDelegate.m in Sources */ = {isa = PBXBuildFile; fileRef = 1C120DAF1CF7041200D833D4 /* AppDelegate.m */; };
		1C120DB31CF7041200D833D4 /* ViewController.m in Sources */ = {isa = PBXBuildFile; fileRef = 1C120DB21CF7041200D833D4 /* ViewController.m */; };
		1C120DB61CF7041200D833D4 /* Main.storyboard in Resources */ = {isa = PBXBuildFile; fileRef = 1C120DB41CF7041200D833D4 /* Main.storyboard */; };
		1C120DB81CF7041200D833D4 /* Assets.xcassets in Resources */ = {isa = PBXBuildFile; fileRef = 1C120DB71CF7041200D833D4 /* Assets.xcassets */; };
		1C120DBB1CF7041200D833D4 /* LaunchScreen.storyboard in Resources */ = {isa = PBXBuildFile; fileRef = 1C120DB91CF7041200D833D4 /* LaunchScreen.storyboard */; };
		1C120DC91CF7049600D833D4 /* TaskViewController.m in Sources */ = {isa = PBXBuildFile; fileRef = 1C120DC71CF7049600D833D4 /* TaskViewController.m */; };
		1C120DCA1CF7049600D833D4 /* TaskViewController.xib in Resources */ = {isa = PBXBuildFile; fileRef = 1C120DC81CF7049600D833D4 /* TaskViewController.xib */; };
		1C120DDB1CF704F600D833D4 /* MeViewController.m in Sources */ = {isa = PBXBuildFile; fileRef = 1C120DD91CF704F600D833D4 /* MeViewController.m */; };
		1C120DDC1CF704F600D833D4 /* MeViewController.xib in Resources */ = {isa = PBXBuildFile; fileRef = 1C120DDA1CF704F600D833D4 /* MeViewController.xib */; };
		1C120DDF1CF7058B00D833D4 /* FootprintTableViewController.m in Sources */ = {isa = PBXBuildFile; fileRef = 1C120DDE1CF7058B00D833D4 /* FootprintTableViewController.m */; };
		1C120DE21CF709A300D833D4 /* PhotoContainerView.m in Sources */ = {isa = PBXBuildFile; fileRef = 1C120DE11CF709A300D833D4 /* PhotoContainerView.m */; };
		1C120DE51CF709FA00D833D4 /* FootprintCell.m in Sources */ = {isa = PBXBuildFile; fileRef = 1C120DE41CF709FA00D833D4 /* FootprintCell.m */; };
		1C120DE81CF70A1600D833D4 /* CellCommentView.m in Sources */ = {isa = PBXBuildFile; fileRef = 1C120DE71CF70A1600D833D4 /* CellCommentView.m */; };
		1C120DEB1CF70B2700D833D4 /* CellOperationMenu.m in Sources */ = {isa = PBXBuildFile; fileRef = 1C120DEA1CF70B2700D833D4 /* CellOperationMenu.m */; };
		1C120DEE1CF70B4200D833D4 /* CellModel.m in Sources */ = {isa = PBXBuildFile; fileRef = 1C120DED1CF70B4200D833D4 /* CellModel.m */; };
		1C120E4F1CF70C1500D833D4 /* MLEmoji_Expression.bundle in Resources */ = {isa = PBXBuildFile; fileRef = 1C120DF11CF70C1400D833D4 /* MLEmoji_Expression.bundle */; };
		1C120E501CF70C1500D833D4 /* MLEmoji_Expression.plist in Resources */ = {isa = PBXBuildFile; fileRef = 1C120DF21CF70C1400D833D4 /* MLEmoji_Expression.plist */; };
		1C120E511CF70C1500D833D4 /* MLEmoji_ExpressionImage.plist in Resources */ = {isa = PBXBuildFile; fileRef = 1C120DF31CF70C1400D833D4 /* MLEmoji_ExpressionImage.plist */; };
		1C120E521CF70C1500D833D4 /* MLEmojiLabel.m in Sources */ = {isa = PBXBuildFile; fileRef = 1C120DF51CF70C1400D833D4 /* MLEmojiLabel.m */; };
		1C120E531CF70C1500D833D4 /* NSAttributedString+MLLabel.m in Sources */ = {isa = PBXBuildFile; fileRef = 1C120DFA1CF70C1400D833D4 /* NSAttributedString+MLLabel.m */; };
		1C120E541CF70C1500D833D4 /* NSMutableAttributedString+MLLabel.m in Sources */ = {isa = PBXBuildFile; fileRef = 1C120DFC1CF70C1400D833D4 /* NSMutableAttributedString+MLLabel.m */; };
		1C120E551CF70C1500D833D4 /* NSString+MLLabel.m in Sources */ = {isa = PBXBuildFile; fileRef = 1C120DFE1CF70C1400D833D4 /* NSString+MLLabel.m */; };
		1C120E561CF70C1500D833D4 /* MLExpressionManager.m in Sources */ = {isa = PBXBuildFile; fileRef = 1C120E011CF70C1400D833D4 /* MLExpressionManager.m */; };
		1C120E571CF70C1500D833D4 /* MLTextAttachment.m in Sources */ = {isa = PBXBuildFile; fileRef = 1C120E031CF70C1400D833D4 /* MLTextAttachment.m */; };
		1C120E581CF70C1500D833D4 /* NSAttributedString+MLExpression.m in Sources */ = {isa = PBXBuildFile; fileRef = 1C120E051CF70C1400D833D4 /* NSAttributedString+MLExpression.m */; };
		1C120E591CF70C1500D833D4 /* NSString+MLExpression.m in Sources */ = {isa = PBXBuildFile; fileRef = 1C120E071CF70C1400D833D4 /* NSString+MLExpression.m */; };
		1C120E5A1CF70C1500D833D4 /* MLLabelLayoutManager.m in Sources */ = {isa = PBXBuildFile; fileRef = 1C120E0B1CF70C1400D833D4 /* MLLabelLayoutManager.m */; };
		1C120E5B1CF70C1500D833D4 /* MLLabel.m in Sources */ = {isa = PBXBuildFile; fileRef = 1C120E0D1CF70C1400D833D4 /* MLLabel.m */; };
		1C120E5C1CF70C1500D833D4 /* MLLinkLabel.m in Sources */ = {isa = PBXBuildFile; fileRef = 1C120E0F1CF70C1400D833D4 /* MLLinkLabel.m */; };
		1C120E5D1CF70C1500D833D4 /* LICENSE in Resources */ = {isa = PBXBuildFile; fileRef = 1C120E101CF70C1500D833D4 /* LICENSE */; };
		1C120E5E1CF70C1500D833D4 /* README.md in Sources */ = {isa = PBXBuildFile; fileRef = 1C120E111CF70C1500D833D4 /* README.md */; };
		1C120E5F1CF70C1500D833D4 /* TTTAttributedLabel.m in Sources */ = {isa = PBXBuildFile; fileRef = 1C120E141CF70C1500D833D4 /* TTTAttributedLabel.m */; };
		1C120E601CF70C1500D833D4 /* UITableView+SDAutoTableViewCellHeight.m in Sources */ = {isa = PBXBuildFile; fileRef = 1C120E171CF70C1500D833D4 /* UITableView+SDAutoTableViewCellHeight.m */; };
		1C120E611CF70C1500D833D4 /* UIView+SDAutoLayout.m in Sources */ = {isa = PBXBuildFile; fileRef = 1C120E191CF70C1500D833D4 /* UIView+SDAutoLayout.m */; };
		1C120E621CF70C1500D833D4 /* SDBrowserImageView.m in Sources */ = {isa = PBXBuildFile; fileRef = 1C120E1C1CF70C1500D833D4 /* SDBrowserImageView.m */; };
		1C120E631CF70C1500D833D4 /* SDPhotoBrowser.m in Sources */ = {isa = PBXBuildFile; fileRef = 1C120E1E1CF70C1500D833D4 /* SDPhotoBrowser.m */; };
		1C120E641CF70C1500D833D4 /* SDWaitingView.m in Sources */ = {isa = PBXBuildFile; fileRef = 1C120E211CF70C1500D833D4 /* SDWaitingView.m */; };
		1C120E651CF70C1500D833D4 /* sdRefeshView_arrow@2x.png in Resources */ = {isa = PBXBuildFile; fileRef = 1C120E231CF70C1500D833D4 /* sdRefeshView_arrow@2x.png */; };
		1C120E661CF70C1500D833D4 /* SDRefreshFooterView.m in Sources */ = {isa = PBXBuildFile; fileRef = 1C120E261CF70C1500D833D4 /* SDRefreshFooterView.m */; };
		1C120E671CF70C1500D833D4 /* SDRefreshHeaderView.m in Sources */ = {isa = PBXBuildFile; fileRef = 1C120E281CF70C1500D833D4 /* SDRefreshHeaderView.m */; };
		1C120E681CF70C1500D833D4 /* SDRefreshView.m in Sources */ = {isa = PBXBuildFile; fileRef = 1C120E2A1CF70C1500D833D4 /* SDRefreshView.m */; };
		1C120E691CF70C1500D833D4 /* UIView+SDExtension.m in Sources */ = {isa = PBXBuildFile; fileRef = 1C120E2C1CF70C1500D833D4 /* UIView+SDExtension.m */; };
		1C120E6A1CF70C1500D833D4 /* MKAnnotationView+WebCache.m in Sources */ = {isa = PBXBuildFile; fileRef = 1C120E2F1CF70C1500D833D4 /* MKAnnotationView+WebCache.m */; };
		1C120E6B1CF70C1500D833D4 /* NSData+ImageContentType.m in Sources */ = {isa = PBXBuildFile; fileRef = 1C120E311CF70C1500D833D4 /* NSData+ImageContentType.m */; };
		1C120E6C1CF70C1500D833D4 /* SDImageCache.m in Sources */ = {isa = PBXBuildFile; fileRef = 1C120E331CF70C1500D833D4 /* SDImageCache.m */; };
		1C120E6D1CF70C1500D833D4 /* SDWebImageCompat.m in Sources */ = {isa = PBXBuildFile; fileRef = 1C120E351CF70C1500D833D4 /* SDWebImageCompat.m */; };
		1C120E6E1CF70C1500D833D4 /* SDWebImageDecoder.m in Sources */ = {isa = PBXBuildFile; fileRef = 1C120E371CF70C1500D833D4 /* SDWebImageDecoder.m */; };
		1C120E6F1CF70C1500D833D4 /* SDWebImageDownloader.m in Sources */ = {isa = PBXBuildFile; fileRef = 1C120E391CF70C1500D833D4 /* SDWebImageDownloader.m */; };
		1C120E701CF70C1500D833D4 /* SDWebImageDownloaderOperation.m in Sources */ = {isa = PBXBuildFile; fileRef = 1C120E3B1CF70C1500D833D4 /* SDWebImageDownloaderOperation.m */; };
		1C120E711CF70C1500D833D4 /* SDWebImageManager.m in Sources */ = {isa = PBXBuildFile; fileRef = 1C120E3D1CF70C1500D833D4 /* SDWebImageManager.m */; };
		1C120E721CF70C1500D833D4 /* SDWebImagePrefetcher.m in Sources */ = {isa = PBXBuildFile; fileRef = 1C120E401CF70C1500D833D4 /* SDWebImagePrefetcher.m */; };
		1C120E731CF70C1500D833D4 /* UIButton+WebCache.m in Sources */ = {isa = PBXBuildFile; fileRef = 1C120E421CF70C1500D833D4 /* UIButton+WebCache.m */; };
		1C120E741CF70C1500D833D4 /* UIImage+GIF.m in Sources */ = {isa = PBXBuildFile; fileRef = 1C120E441CF70C1500D833D4 /* UIImage+GIF.m */; };
		1C120E751CF70C1500D833D4 /* UIImage+MultiFormat.m in Sources */ = {isa = PBXBuildFile; fileRef = 1C120E461CF70C1500D833D4 /* UIImage+MultiFormat.m */; };
		1C120E761CF70C1500D833D4 /* UIImage+WebP.m in Sources */ = {isa = PBXBuildFile; fileRef = 1C120E481CF70C1500D833D4 /* UIImage+WebP.m */; };
		1C120E771CF70C1500D833D4 /* UIImageView+HighlightedWebCache.m in Sources */ = {isa = PBXBuildFile; fileRef = 1C120E4A1CF70C1500D833D4 /* UIImageView+HighlightedWebCache.m */; };
		1C120E781CF70C1500D833D4 /* UIImageView+WebCache.m in Sources */ = {isa = PBXBuildFile; fileRef = 1C120E4C1CF70C1500D833D4 /* UIImageView+WebCache.m */; };
		1C120E791CF70C1500D833D4 /* UIView+WebCacheOperation.m in Sources */ = {isa = PBXBuildFile; fileRef = 1C120E4E1CF70C1500D833D4 /* UIView+WebCacheOperation.m */; };
		1C35911F1CFC626E008227C2 /* FriendsTableViewCell.m in Sources */ = {isa = PBXBuildFile; fileRef = 1C35911E1CFC626E008227C2 /* FriendsTableViewCell.m */; };
		1C3591221CFC6316008227C2 /* DataGenerator.m in Sources */ = {isa = PBXBuildFile; fileRef = 1C3591211CFC6316008227C2 /* DataGenerator.m */; };
		1C3591251CFC63E4008227C2 /* ContactModel.m in Sources */ = {isa = PBXBuildFile; fileRef = 1C3591241CFC63E4008227C2 /* ContactModel.m */; };
		1C3591281CFC6598008227C2 /* FriendsSearchResultController.m in Sources */ = {isa = PBXBuildFile; fileRef = 1C3591271CFC6598008227C2 /* FriendsSearchResultController.m */; };
		1C35912B1CFC6769008227C2 /* FriendsTableViewController.m in Sources */ = {isa = PBXBuildFile; fileRef = 1C35912A1CFC6769008227C2 /* FriendsTableViewController.m */; };
		1C97C4791CF723830094636B /* BaseRefreshView.m in Sources */ = {isa = PBXBuildFile; fileRef = 1C97C4781CF723830094636B /* BaseRefreshView.m */; };
		1C97C47F1CF723C10094636B /* RefreshHeader.m in Sources */ = {isa = PBXBuildFile; fileRef = 1C97C47E1CF723C10094636B /* RefreshHeader.m */; };
		1C97C4821CF72AAE0094636B /* RefreshFooter.m in Sources */ = {isa = PBXBuildFile; fileRef = 1C97C4811CF72AAE0094636B /* RefreshFooter.m */; };
/* End PBXBuildFile section */

/* Begin PBXFileReference section */
		1C120DA81CF7041200D833D4 /* Volunteers.app */ = {isa = PBXFileReference; explicitFileType = wrapper.application; includeInIndex = 0; path = Volunteers.app; sourceTree = BUILT_PRODUCTS_DIR; };
		1C120DAC1CF7041200D833D4 /* main.m */ = {isa = PBXFileReference; lastKnownFileType = sourcecode.c.objc; path = main.m; sourceTree = "<group>"; };
		1C120DAE1CF7041200D833D4 /* AppDelegate.h */ = {isa = PBXFileReference; lastKnownFileType = sourcecode.c.h; path = AppDelegate.h; sourceTree = "<group>"; };
		1C120DAF1CF7041200D833D4 /* AppDelegate.m */ = {isa = PBXFileReference; lastKnownFileType = sourcecode.c.objc; path = AppDelegate.m; sourceTree = "<group>"; };
		1C120DB11CF7041200D833D4 /* ViewController.h */ = {isa = PBXFileReference; lastKnownFileType = sourcecode.c.h; path = ViewController.h; sourceTree = "<group>"; };
		1C120DB21CF7041200D833D4 /* ViewController.m */ = {isa = PBXFileReference; lastKnownFileType = sourcecode.c.objc; path = ViewController.m; sourceTree = "<group>"; };
		1C120DB51CF7041200D833D4 /* Base */ = {isa = PBXFileReference; lastKnownFileType = file.storyboard; name = Base; path = Base.lproj/Main.storyboard; sourceTree = "<group>"; };
		1C120DB71CF7041200D833D4 /* Assets.xcassets */ = {isa = PBXFileReference; lastKnownFileType = folder.assetcatalog; path = Assets.xcassets; sourceTree = "<group>"; };
		1C120DBA1CF7041200D833D4 /* Base */ = {isa = PBXFileReference; lastKnownFileType = file.storyboard; name = Base; path = Base.lproj/LaunchScreen.storyboard; sourceTree = "<group>"; };
		1C120DBC1CF7041200D833D4 /* Info.plist */ = {isa = PBXFileReference; lastKnownFileType = text.plist.xml; path = Info.plist; sourceTree = "<group>"; };
		1C120DC61CF7049600D833D4 /* TaskViewController.h */ = {isa = PBXFileReference; fileEncoding = 4; lastKnownFileType = sourcecode.c.h; path = TaskViewController.h; sourceTree = "<group>"; };
		1C120DC71CF7049600D833D4 /* TaskViewController.m */ = {isa = PBXFileReference; fileEncoding = 4; lastKnownFileType = sourcecode.c.objc; path = TaskViewController.m; sourceTree = "<group>"; };
		1C120DC81CF7049600D833D4 /* TaskViewController.xib */ = {isa = PBXFileReference; fileEncoding = 4; lastKnownFileType = file.xib; path = TaskViewController.xib; sourceTree = "<group>"; };
		1C120DD81CF704F600D833D4 /* MeViewController.h */ = {isa = PBXFileReference; fileEncoding = 4; lastKnownFileType = sourcecode.c.h; path = MeViewController.h; sourceTree = "<group>"; };
		1C120DD91CF704F600D833D4 /* MeViewController.m */ = {isa = PBXFileReference; fileEncoding = 4; lastKnownFileType = sourcecode.c.objc; path = MeViewController.m; sourceTree = "<group>"; };
		1C120DDA1CF704F600D833D4 /* MeViewController.xib */ = {isa = PBXFileReference; fileEncoding = 4; lastKnownFileType = file.xib; path = MeViewController.xib; sourceTree = "<group>"; };
		1C120DDD1CF7058B00D833D4 /* FootprintTableViewController.h */ = {isa = PBXFileReference; fileEncoding = 4; lastKnownFileType = sourcecode.c.h; path = FootprintTableViewController.h; sourceTree = "<group>"; };
		1C120DDE1CF7058B00D833D4 /* FootprintTableViewController.m */ = {isa = PBXFileReference; fileEncoding = 4; lastKnownFileType = sourcecode.c.objc; path = FootprintTableViewController.m; sourceTree = "<group>"; };
		1C120DE01CF709A300D833D4 /* PhotoContainerView.h */ = {isa = PBXFileReference; fileEncoding = 4; lastKnownFileType = sourcecode.c.h; path = PhotoContainerView.h; sourceTree = "<group>"; };
		1C120DE11CF709A300D833D4 /* PhotoContainerView.m */ = {isa = PBXFileReference; fileEncoding = 4; lastKnownFileType = sourcecode.c.objc; path = PhotoContainerView.m; sourceTree = "<group>"; };
		1C120DE31CF709FA00D833D4 /* FootprintCell.h */ = {isa = PBXFileReference; fileEncoding = 4; lastKnownFileType = sourcecode.c.h; path = FootprintCell.h; sourceTree = "<group>"; };
		1C120DE41CF709FA00D833D4 /* FootprintCell.m */ = {isa = PBXFileReference; fileEncoding = 4; lastKnownFileType = sourcecode.c.objc; path = FootprintCell.m; sourceTree = "<group>"; };
		1C120DE61CF70A1600D833D4 /* CellCommentView.h */ = {isa = PBXFileReference; fileEncoding = 4; lastKnownFileType = sourcecode.c.h; path = CellCommentView.h; sourceTree = "<group>"; };
		1C120DE71CF70A1600D833D4 /* CellCommentView.m */ = {isa = PBXFileReference; fileEncoding = 4; lastKnownFileType = sourcecode.c.objc; path = CellCommentView.m; sourceTree = "<group>"; };
		1C120DE91CF70B2700D833D4 /* CellOperationMenu.h */ = {isa = PBXFileReference; fileEncoding = 4; lastKnownFileType = sourcecode.c.h; path = CellOperationMenu.h; sourceTree = "<group>"; };
		1C120DEA1CF70B2700D833D4 /* CellOperationMenu.m */ = {isa = PBXFileReference; fileEncoding = 4; lastKnownFileType = sourcecode.c.objc; path = CellOperationMenu.m; sourceTree = "<group>"; };
		1C120DEC1CF70B4200D833D4 /* CellModel.h */ = {isa = PBXFileReference; fileEncoding = 4; lastKnownFileType = sourcecode.c.h; path = CellModel.h; sourceTree = "<group>"; };
		1C120DED1CF70B4200D833D4 /* CellModel.m */ = {isa = PBXFileReference; fileEncoding = 4; lastKnownFileType = sourcecode.c.objc; path = CellModel.m; sourceTree = "<group>"; };
		1C120DF11CF70C1400D833D4 /* MLEmoji_Expression.bundle */ = {isa = PBXFileReference; lastKnownFileType = "wrapper.plug-in"; path = MLEmoji_Expression.bundle; sourceTree = "<group>"; };
		1C120DF21CF70C1400D833D4 /* MLEmoji_Expression.plist */ = {isa = PBXFileReference; fileEncoding = 4; lastKnownFileType = text.plist.xml; path = MLEmoji_Expression.plist; sourceTree = "<group>"; };
		1C120DF31CF70C1400D833D4 /* MLEmoji_ExpressionImage.plist */ = {isa = PBXFileReference; fileEncoding = 4; lastKnownFileType = text.plist.xml; path = MLEmoji_ExpressionImage.plist; sourceTree = "<group>"; };
		1C120DF41CF70C1400D833D4 /* MLEmojiLabel.h */ = {isa = PBXFileReference; fileEncoding = 4; lastKnownFileType = sourcecode.c.h; path = MLEmojiLabel.h; sourceTree = "<group>"; };
		1C120DF51CF70C1400D833D4 /* MLEmojiLabel.m */ = {isa = PBXFileReference; fileEncoding = 4; lastKnownFileType = sourcecode.c.objc; path = MLEmojiLabel.m; sourceTree = "<group>"; };
		1C120DF91CF70C1400D833D4 /* NSAttributedString+MLLabel.h */ = {isa = PBXFileReference; fileEncoding = 4; lastKnownFileType = sourcecode.c.h; path = "NSAttributedString+MLLabel.h"; sourceTree = "<group>"; };
		1C120DFA1CF70C1400D833D4 /* NSAttributedString+MLLabel.m */ = {isa = PBXFileReference; fileEncoding = 4; lastKnownFileType = sourcecode.c.objc; path = "NSAttributedString+MLLabel.m"; sourceTree = "<group>"; };
		1C120DFB1CF70C1400D833D4 /* NSMutableAttributedString+MLLabel.h */ = {isa = PBXFileReference; fileEncoding = 4; lastKnownFileType = sourcecode.c.h; path = "NSMutableAttributedString+MLLabel.h"; sourceTree = "<group>"; };
		1C120DFC1CF70C1400D833D4 /* NSMutableAttributedString+MLLabel.m */ = {isa = PBXFileReference; fileEncoding = 4; lastKnownFileType = sourcecode.c.objc; path = "NSMutableAttributedString+MLLabel.m"; sourceTree = "<group>"; };
		1C120DFD1CF70C1400D833D4 /* NSString+MLLabel.h */ = {isa = PBXFileReference; fileEncoding = 4; lastKnownFileType = sourcecode.c.h; path = "NSString+MLLabel.h"; sourceTree = "<group>"; };
		1C120DFE1CF70C1400D833D4 /* NSString+MLLabel.m */ = {isa = PBXFileReference; fileEncoding = 4; lastKnownFileType = sourcecode.c.objc; path = "NSString+MLLabel.m"; sourceTree = "<group>"; };
		1C120E001CF70C1400D833D4 /* MLExpressionManager.h */ = {isa = PBXFileReference; fileEncoding = 4; lastKnownFileType = sourcecode.c.h; path = MLExpressionManager.h; sourceTree = "<group>"; };
		1C120E011CF70C1400D833D4 /* MLExpressionManager.m */ = {isa = PBXFileReference; fileEncoding = 4; lastKnownFileType = sourcecode.c.objc; path = MLExpressionManager.m; sourceTree = "<group>"; };
		1C120E021CF70C1400D833D4 /* MLTextAttachment.h */ = {isa = PBXFileReference; fileEncoding = 4; lastKnownFileType = sourcecode.c.h; path = MLTextAttachment.h; sourceTree = "<group>"; };
		1C120E031CF70C1400D833D4 /* MLTextAttachment.m */ = {isa = PBXFileReference; fileEncoding = 4; lastKnownFileType = sourcecode.c.objc; path = MLTextAttachment.m; sourceTree = "<group>"; };
		1C120E041CF70C1400D833D4 /* NSAttributedString+MLExpression.h */ = {isa = PBXFileReference; fileEncoding = 4; lastKnownFileType = sourcecode.c.h; path = "NSAttributedString+MLExpression.h"; sourceTree = "<group>"; };
		1C120E051CF70C1400D833D4 /* NSAttributedString+MLExpression.m */ = {isa = PBXFileReference; fileEncoding = 4; lastKnownFileType = sourcecode.c.objc; path = "NSAttributedString+MLExpression.m"; sourceTree = "<group>"; };
		1C120E061CF70C1400D833D4 /* NSString+MLExpression.h */ = {isa = PBXFileReference; fileEncoding = 4; lastKnownFileType = sourcecode.c.h; path = "NSString+MLExpression.h"; sourceTree = "<group>"; };
		1C120E071CF70C1400D833D4 /* NSString+MLExpression.m */ = {isa = PBXFileReference; fileEncoding = 4; lastKnownFileType = sourcecode.c.objc; path = "NSString+MLExpression.m"; sourceTree = "<group>"; };
		1C120E091CF70C1400D833D4 /* MLLabel+Override.h */ = {isa = PBXFileReference; fileEncoding = 4; lastKnownFileType = sourcecode.c.h; path = "MLLabel+Override.h"; sourceTree = "<group>"; };
		1C120E0A1CF70C1400D833D4 /* MLLabelLayoutManager.h */ = {isa = PBXFileReference; fileEncoding = 4; lastKnownFileType = sourcecode.c.h; path = MLLabelLayoutManager.h; sourceTree = "<group>"; };
		1C120E0B1CF70C1400D833D4 /* MLLabelLayoutManager.m */ = {isa = PBXFileReference; fileEncoding = 4; lastKnownFileType = sourcecode.c.objc; path = MLLabelLayoutManager.m; sourceTree = "<group>"; };
		1C120E0C1CF70C1400D833D4 /* MLLabel.h */ = {isa = PBXFileReference; fileEncoding = 4; lastKnownFileType = sourcecode.c.h; path = MLLabel.h; sourceTree = "<group>"; };
		1C120E0D1CF70C1400D833D4 /* MLLabel.m */ = {isa = PBXFileReference; fileEncoding = 4; lastKnownFileType = sourcecode.c.objc; path = MLLabel.m; sourceTree = "<group>"; };
		1C120E0E1CF70C1400D833D4 /* MLLinkLabel.h */ = {isa = PBXFileReference; fileEncoding = 4; lastKnownFileType = sourcecode.c.h; path = MLLinkLabel.h; sourceTree = "<group>"; };
		1C120E0F1CF70C1400D833D4 /* MLLinkLabel.m */ = {isa = PBXFileReference; fileEncoding = 4; lastKnownFileType = sourcecode.c.objc; path = MLLinkLabel.m; sourceTree = "<group>"; };
		1C120E101CF70C1500D833D4 /* LICENSE */ = {isa = PBXFileReference; fileEncoding = 4; lastKnownFileType = text; path = LICENSE; sourceTree = "<group>"; };
		1C120E111CF70C1500D833D4 /* README.md */ = {isa = PBXFileReference; fileEncoding = 4; lastKnownFileType = net.daringfireball.markdown; path = README.md; sourceTree = "<group>"; };
		1C120E131CF70C1500D833D4 /* TTTAttributedLabel.h */ = {isa = PBXFileReference; fileEncoding = 4; lastKnownFileType = sourcecode.c.h; path = TTTAttributedLabel.h; sourceTree = "<group>"; };
		1C120E141CF70C1500D833D4 /* TTTAttributedLabel.m */ = {isa = PBXFileReference; fileEncoding = 4; lastKnownFileType = sourcecode.c.objc; path = TTTAttributedLabel.m; sourceTree = "<group>"; };
		1C120E161CF70C1500D833D4 /* UITableView+SDAutoTableViewCellHeight.h */ = {isa = PBXFileReference; fileEncoding = 4; lastKnownFileType = sourcecode.c.h; path = "UITableView+SDAutoTableViewCellHeight.h"; sourceTree = "<group>"; };
		1C120E171CF70C1500D833D4 /* UITableView+SDAutoTableViewCellHeight.m */ = {isa = PBXFileReference; fileEncoding = 4; lastKnownFileType = sourcecode.c.objc; path = "UITableView+SDAutoTableViewCellHeight.m"; sourceTree = "<group>"; };
		1C120E181CF70C1500D833D4 /* UIView+SDAutoLayout.h */ = {isa = PBXFileReference; fileEncoding = 4; lastKnownFileType = sourcecode.c.h; path = "UIView+SDAutoLayout.h"; sourceTree = "<group>"; };
		1C120E191CF70C1500D833D4 /* UIView+SDAutoLayout.m */ = {isa = PBXFileReference; fileEncoding = 4; lastKnownFileType = sourcecode.c.objc; path = "UIView+SDAutoLayout.m"; sourceTree = "<group>"; };
		1C120E1B1CF70C1500D833D4 /* SDBrowserImageView.h */ = {isa = PBXFileReference; fileEncoding = 4; lastKnownFileType = sourcecode.c.h; path = SDBrowserImageView.h; sourceTree = "<group>"; };
		1C120E1C1CF70C1500D833D4 /* SDBrowserImageView.m */ = {isa = PBXFileReference; fileEncoding = 4; lastKnownFileType = sourcecode.c.objc; path = SDBrowserImageView.m; sourceTree = "<group>"; };
		1C120E1D1CF70C1500D833D4 /* SDPhotoBrowser.h */ = {isa = PBXFileReference; fileEncoding = 4; lastKnownFileType = sourcecode.c.h; path = SDPhotoBrowser.h; sourceTree = "<group>"; };
		1C120E1E1CF70C1500D833D4 /* SDPhotoBrowser.m */ = {isa = PBXFileReference; fileEncoding = 4; lastKnownFileType = sourcecode.c.objc; path = SDPhotoBrowser.m; sourceTree = "<group>"; };
		1C120E1F1CF70C1500D833D4 /* SDPhotoBrowserConfig.h */ = {isa = PBXFileReference; fileEncoding = 4; lastKnownFileType = sourcecode.c.h; path = SDPhotoBrowserConfig.h; sourceTree = "<group>"; };
		1C120E201CF70C1500D833D4 /* SDWaitingView.h */ = {isa = PBXFileReference; fileEncoding = 4; lastKnownFileType = sourcecode.c.h; path = SDWaitingView.h; sourceTree = "<group>"; };
		1C120E211CF70C1500D833D4 /* SDWaitingView.m */ = {isa = PBXFileReference; fileEncoding = 4; lastKnownFileType = sourcecode.c.objc; path = SDWaitingView.m; sourceTree = "<group>"; };
		1C120E231CF70C1500D833D4 /* sdRefeshView_arrow@2x.png */ = {isa = PBXFileReference; lastKnownFileType = image.png; path = "sdRefeshView_arrow@2x.png"; sourceTree = "<group>"; };
		1C120E241CF70C1500D833D4 /* SDRefresh.h */ = {isa = PBXFileReference; fileEncoding = 4; lastKnownFileType = sourcecode.c.h; path = SDRefresh.h; sourceTree = "<group>"; };
		1C120E251CF70C1500D833D4 /* SDRefreshFooterView.h */ = {isa = PBXFileReference; fileEncoding = 4; lastKnownFileType = sourcecode.c.h; path = SDRefreshFooterView.h; sourceTree = "<group>"; };
		1C120E261CF70C1500D833D4 /* SDRefreshFooterView.m */ = {isa = PBXFileReference; fileEncoding = 4; lastKnownFileType = sourcecode.c.objc; path = SDRefreshFooterView.m; sourceTree = "<group>"; };
		1C120E271CF70C1500D833D4 /* SDRefreshHeaderView.h */ = {isa = PBXFileReference; fileEncoding = 4; lastKnownFileType = sourcecode.c.h; path = SDRefreshHeaderView.h; sourceTree = "<group>"; };
		1C120E281CF70C1500D833D4 /* SDRefreshHeaderView.m */ = {isa = PBXFileReference; fileEncoding = 4; lastKnownFileType = sourcecode.c.objc; path = SDRefreshHeaderView.m; sourceTree = "<group>"; };
		1C120E291CF70C1500D833D4 /* SDRefreshView.h */ = {isa = PBXFileReference; fileEncoding = 4; lastKnownFileType = sourcecode.c.h; path = SDRefreshView.h; sourceTree = "<group>"; };
		1C120E2A1CF70C1500D833D4 /* SDRefreshView.m */ = {isa = PBXFileReference; fileEncoding = 4; lastKnownFileType = sourcecode.c.objc; path = SDRefreshView.m; sourceTree = "<group>"; };
		1C120E2B1CF70C1500D833D4 /* UIView+SDExtension.h */ = {isa = PBXFileReference; fileEncoding = 4; lastKnownFileType = sourcecode.c.h; path = "UIView+SDExtension.h"; sourceTree = "<group>"; };
		1C120E2C1CF70C1500D833D4 /* UIView+SDExtension.m */ = {isa = PBXFileReference; fileEncoding = 4; lastKnownFileType = sourcecode.c.objc; path = "UIView+SDExtension.m"; sourceTree = "<group>"; };
		1C120E2E1CF70C1500D833D4 /* MKAnnotationView+WebCache.h */ = {isa = PBXFileReference; fileEncoding = 4; lastKnownFileType = sourcecode.c.h; path = "MKAnnotationView+WebCache.h"; sourceTree = "<group>"; };
		1C120E2F1CF70C1500D833D4 /* MKAnnotationView+WebCache.m */ = {isa = PBXFileReference; fileEncoding = 4; lastKnownFileType = sourcecode.c.objc; path = "MKAnnotationView+WebCache.m"; sourceTree = "<group>"; };
		1C120E301CF70C1500D833D4 /* NSData+ImageContentType.h */ = {isa = PBXFileReference; fileEncoding = 4; lastKnownFileType = sourcecode.c.h; path = "NSData+ImageContentType.h"; sourceTree = "<group>"; };
		1C120E311CF70C1500D833D4 /* NSData+ImageContentType.m */ = {isa = PBXFileReference; fileEncoding = 4; lastKnownFileType = sourcecode.c.objc; path = "NSData+ImageContentType.m"; sourceTree = "<group>"; };
		1C120E321CF70C1500D833D4 /* SDImageCache.h */ = {isa = PBXFileReference; fileEncoding = 4; lastKnownFileType = sourcecode.c.h; path = SDImageCache.h; sourceTree = "<group>"; };
		1C120E331CF70C1500D833D4 /* SDImageCache.m */ = {isa = PBXFileReference; fileEncoding = 4; lastKnownFileType = sourcecode.c.objc; path = SDImageCache.m; sourceTree = "<group>"; };
		1C120E341CF70C1500D833D4 /* SDWebImageCompat.h */ = {isa = PBXFileReference; fileEncoding = 4; lastKnownFileType = sourcecode.c.h; path = SDWebImageCompat.h; sourceTree = "<group>"; };
		1C120E351CF70C1500D833D4 /* SDWebImageCompat.m */ = {isa = PBXFileReference; fileEncoding = 4; lastKnownFileType = sourcecode.c.objc; path = SDWebImageCompat.m; sourceTree = "<group>"; };
		1C120E361CF70C1500D833D4 /* SDWebImageDecoder.h */ = {isa = PBXFileReference; fileEncoding = 4; lastKnownFileType = sourcecode.c.h; path = SDWebImageDecoder.h; sourceTree = "<group>"; };
		1C120E371CF70C1500D833D4 /* SDWebImageDecoder.m */ = {isa = PBXFileReference; fileEncoding = 4; lastKnownFileType = sourcecode.c.objc; path = SDWebImageDecoder.m; sourceTree = "<group>"; };
		1C120E381CF70C1500D833D4 /* SDWebImageDownloader.h */ = {isa = PBXFileReference; fileEncoding = 4; lastKnownFileType = sourcecode.c.h; path = SDWebImageDownloader.h; sourceTree = "<group>"; };
		1C120E391CF70C1500D833D4 /* SDWebImageDownloader.m */ = {isa = PBXFileReference; fileEncoding = 4; lastKnownFileType = sourcecode.c.objc; path = SDWebImageDownloader.m; sourceTree = "<group>"; };
		1C120E3A1CF70C1500D833D4 /* SDWebImageDownloaderOperation.h */ = {isa = PBXFileReference; fileEncoding = 4; lastKnownFileType = sourcecode.c.h; path = SDWebImageDownloaderOperation.h; sourceTree = "<group>"; };
		1C120E3B1CF70C1500D833D4 /* SDWebImageDownloaderOperation.m */ = {isa = PBXFileReference; fileEncoding = 4; lastKnownFileType = sourcecode.c.objc; path = SDWebImageDownloaderOperation.m; sourceTree = "<group>"; };
		1C120E3C1CF70C1500D833D4 /* SDWebImageManager.h */ = {isa = PBXFileReference; fileEncoding = 4; lastKnownFileType = sourcecode.c.h; path = SDWebImageManager.h; sourceTree = "<group>"; };
		1C120E3D1CF70C1500D833D4 /* SDWebImageManager.m */ = {isa = PBXFileReference; fileEncoding = 4; lastKnownFileType = sourcecode.c.objc; path = SDWebImageManager.m; sourceTree = "<group>"; };
		1C120E3E1CF70C1500D833D4 /* SDWebImageOperation.h */ = {isa = PBXFileReference; fileEncoding = 4; lastKnownFileType = sourcecode.c.h; path = SDWebImageOperation.h; sourceTree = "<group>"; };
		1C120E3F1CF70C1500D833D4 /* SDWebImagePrefetcher.h */ = {isa = PBXFileReference; fileEncoding = 4; lastKnownFileType = sourcecode.c.h; path = SDWebImagePrefetcher.h; sourceTree = "<group>"; };
		1C120E401CF70C1500D833D4 /* SDWebImagePrefetcher.m */ = {isa = PBXFileReference; fileEncoding = 4; lastKnownFileType = sourcecode.c.objc; path = SDWebImagePrefetcher.m; sourceTree = "<group>"; };
		1C120E411CF70C1500D833D4 /* UIButton+WebCache.h */ = {isa = PBXFileReference; fileEncoding = 4; lastKnownFileType = sourcecode.c.h; path = "UIButton+WebCache.h"; sourceTree = "<group>"; };
		1C120E421CF70C1500D833D4 /* UIButton+WebCache.m */ = {isa = PBXFileReference; fileEncoding = 4; lastKnownFileType = sourcecode.c.objc; path = "UIButton+WebCache.m"; sourceTree = "<group>"; };
		1C120E431CF70C1500D833D4 /* UIImage+GIF.h */ = {isa = PBXFileReference; fileEncoding = 4; lastKnownFileType = sourcecode.c.h; path = "UIImage+GIF.h"; sourceTree = "<group>"; };
		1C120E441CF70C1500D833D4 /* UIImage+GIF.m */ = {isa = PBXFileReference; fileEncoding = 4; lastKnownFileType = sourcecode.c.objc; path = "UIImage+GIF.m"; sourceTree = "<group>"; };
		1C120E451CF70C1500D833D4 /* UIImage+MultiFormat.h */ = {isa = PBXFileReference; fileEncoding = 4; lastKnownFileType = sourcecode.c.h; path = "UIImage+MultiFormat.h"; sourceTree = "<group>"; };
		1C120E461CF70C1500D833D4 /* UIImage+MultiFormat.m */ = {isa = PBXFileReference; fileEncoding = 4; lastKnownFileType = sourcecode.c.objc; path = "UIImage+MultiFormat.m"; sourceTree = "<group>"; };
		1C120E471CF70C1500D833D4 /* UIImage+WebP.h */ = {isa = PBXFileReference; fileEncoding = 4; lastKnownFileType = sourcecode.c.h; path = "UIImage+WebP.h"; sourceTree = "<group>"; };
		1C120E481CF70C1500D833D4 /* UIImage+WebP.m */ = {isa = PBXFileReference; fileEncoding = 4; lastKnownFileType = sourcecode.c.objc; path = "UIImage+WebP.m"; sourceTree = "<group>"; };
		1C120E491CF70C1500D833D4 /* UIImageView+HighlightedWebCache.h */ = {isa = PBXFileReference; fileEncoding = 4; lastKnownFileType = sourcecode.c.h; path = "UIImageView+HighlightedWebCache.h"; sourceTree = "<group>"; };
		1C120E4A1CF70C1500D833D4 /* UIImageView+HighlightedWebCache.m */ = {isa = PBXFileReference; fileEncoding = 4; lastKnownFileType = sourcecode.c.objc; path = "UIImageView+HighlightedWebCache.m"; sourceTree = "<group>"; };
		1C120E4B1CF70C1500D833D4 /* UIImageView+WebCache.h */ = {isa = PBXFileReference; fileEncoding = 4; lastKnownFileType = sourcecode.c.h; path = "UIImageView+WebCache.h"; sourceTree = "<group>"; };
		1C120E4C1CF70C1500D833D4 /* UIImageView+WebCache.m */ = {isa = PBXFileReference; fileEncoding = 4; lastKnownFileType = sourcecode.c.objc; path = "UIImageView+WebCache.m"; sourceTree = "<group>"; };
		1C120E4D1CF70C1500D833D4 /* UIView+WebCacheOperation.h */ = {isa = PBXFileReference; fileEncoding = 4; lastKnownFileType = sourcecode.c.h; path = "UIView+WebCacheOperation.h"; sourceTree = "<group>"; };
		1C120E4E1CF70C1500D833D4 /* UIView+WebCacheOperation.m */ = {isa = PBXFileReference; fileEncoding = 4; lastKnownFileType = sourcecode.c.objc; path = "UIView+WebCacheOperation.m"; sourceTree = "<group>"; };
		1C120E7A1CF70C5A00D833D4 /* GlobalDefines.h */ = {isa = PBXFileReference; fileEncoding = 4; lastKnownFileType = sourcecode.c.h; path = GlobalDefines.h; sourceTree = "<group>"; };
		1C35911D1CFC626E008227C2 /* FriendsTableViewCell.h */ = {isa = PBXFileReference; fileEncoding = 4; lastKnownFileType = sourcecode.c.h; path = FriendsTableViewCell.h; sourceTree = "<group>"; };
		1C35911E1CFC626E008227C2 /* FriendsTableViewCell.m */ = {isa = PBXFileReference; fileEncoding = 4; lastKnownFileType = sourcecode.c.objc; path = FriendsTableViewCell.m; sourceTree = "<group>"; };
		1C3591201CFC6316008227C2 /* DataGenerator.h */ = {isa = PBXFileReference; fileEncoding = 4; lastKnownFileType = sourcecode.c.h; path = DataGenerator.h; sourceTree = "<group>"; };
		1C3591211CFC6316008227C2 /* DataGenerator.m */ = {isa = PBXFileReference; fileEncoding = 4; lastKnownFileType = sourcecode.c.objc; path = DataGenerator.m; sourceTree = "<group>"; };
		1C3591231CFC63E4008227C2 /* ContactModel.h */ = {isa = PBXFileReference; fileEncoding = 4; lastKnownFileType = sourcecode.c.h; path = ContactModel.h; sourceTree = "<group>"; };
		1C3591241CFC63E4008227C2 /* ContactModel.m */ = {isa = PBXFileReference; fileEncoding = 4; lastKnownFileType = sourcecode.c.objc; path = ContactModel.m; sourceTree = "<group>"; };
		1C3591261CFC6598008227C2 /* FriendsSearchResultController.h */ = {isa = PBXFileReference; fileEncoding = 4; lastKnownFileType = sourcecode.c.h; path = FriendsSearchResultController.h; sourceTree = "<group>"; };
		1C3591271CFC6598008227C2 /* FriendsSearchResultController.m */ = {isa = PBXFileReference; fileEncoding = 4; lastKnownFileType = sourcecode.c.objc; path = FriendsSearchResultController.m; sourceTree = "<group>"; };
		1C3591291CFC6769008227C2 /* FriendsTableViewController.h */ = {isa = PBXFileReference; fileEncoding = 4; lastKnownFileType = sourcecode.c.h; path = FriendsTableViewController.h; sourceTree = "<group>"; };
		1C35912A1CFC6769008227C2 /* FriendsTableViewController.m */ = {isa = PBXFileReference; fileEncoding = 4; lastKnownFileType = sourcecode.c.objc; path = FriendsTableViewController.m; sourceTree = "<group>"; };
		1C97C4771CF723830094636B /* BaseRefreshView.h */ = {isa = PBXFileReference; fileEncoding = 4; lastKnownFileType = sourcecode.c.h; path = BaseRefreshView.h; sourceTree = "<group>"; };
		1C97C4781CF723830094636B /* BaseRefreshView.m */ = {isa = PBXFileReference; fileEncoding = 4; lastKnownFileType = sourcecode.c.objc; path = BaseRefreshView.m; sourceTree = "<group>"; };
		1C97C47D1CF723C10094636B /* RefreshHeader.h */ = {isa = PBXFileReference; fileEncoding = 4; lastKnownFileType = sourcecode.c.h; path = RefreshHeader.h; sourceTree = "<group>"; };
		1C97C47E1CF723C10094636B /* RefreshHeader.m */ = {isa = PBXFileReference; fileEncoding = 4; lastKnownFileType = sourcecode.c.objc; path = RefreshHeader.m; sourceTree = "<group>"; };
		1C97C4801CF72AAE0094636B /* RefreshFooter.h */ = {isa = PBXFileReference; fileEncoding = 4; lastKnownFileType = sourcecode.c.h; path = RefreshFooter.h; sourceTree = "<group>"; };
		1C97C4811CF72AAE0094636B /* RefreshFooter.m */ = {isa = PBXFileReference; fileEncoding = 4; lastKnownFileType = sourcecode.c.objc; path = RefreshFooter.m; sourceTree = "<group>"; };
/* End PBXFileReference section */

/* Begin PBXFrameworksBuildPhase section */
		1C120DA51CF7041200D833D4 /* Frameworks */ = {
			isa = PBXFrameworksBuildPhase;
			buildActionMask = 2147483647;
			files = (
			);
			runOnlyForDeploymentPostprocessing = 0;
		};
/* End PBXFrameworksBuildPhase section */

/* Begin PBXGroup section */
		1C120D9F1CF7041200D833D4 = {
			isa = PBXGroup;
			children = (
				1C120DAA1CF7041200D833D4 /* Volunteers */,
				1C120DA91CF7041200D833D4 /* Products */,
			);
			sourceTree = "<group>";
		};
		1C120DA91CF7041200D833D4 /* Products */ = {
			isa = PBXGroup;
			children = (
				1C120DA81CF7041200D833D4 /* Volunteers.app */,
			);
			name = Products;
			sourceTree = "<group>";
		};
		1C120DAA1CF7041200D833D4 /* Volunteers */ = {
			isa = PBXGroup;
			children = (
				1C120E7A1CF70C5A00D833D4 /* GlobalDefines.h */,
				1C120DC21CF7042D00D833D4 /* Task */,
				1C120DC31CF7043E00D833D4 /* Footprint */,
				1C120DC41CF7044A00D833D4 /* Friends */,
				1C120DC51CF7045C00D833D4 /* Me */,
				1C120DAE1CF7041200D833D4 /* AppDelegate.h */,
				1C120DAF1CF7041200D833D4 /* AppDelegate.m */,
				1C120DB11CF7041200D833D4 /* ViewController.h */,
				1C120DB21CF7041200D833D4 /* ViewController.m */,
				1C120DB41CF7041200D833D4 /* Main.storyboard */,
				1C120DB71CF7041200D833D4 /* Assets.xcassets */,
				1C120DB91CF7041200D833D4 /* LaunchScreen.storyboard */,
				1C120DBC1CF7041200D833D4 /* Info.plist */,
				1C120DAB1CF7041200D833D4 /* Supporting Files */,
			);
			path = Volunteers;
			sourceTree = "<group>";
		};
		1C120DAB1CF7041200D833D4 /* Supporting Files */ = {
			isa = PBXGroup;
			children = (
				1C120DAC1CF7041200D833D4 /* main.m */,
			);
			name = "Supporting Files";
			sourceTree = "<group>";
		};
		1C120DC21CF7042D00D833D4 /* Task */ = {
			isa = PBXGroup;
			children = (
				1C120DC61CF7049600D833D4 /* TaskViewController.h */,
				1C120DC71CF7049600D833D4 /* TaskViewController.m */,
				1C120DC81CF7049600D833D4 /* TaskViewController.xib */,
			);
			name = Task;
			sourceTree = "<group>";
		};
		1C120DC31CF7043E00D833D4 /* Footprint */ = {
			isa = PBXGroup;
			children = (
				1C120DEC1CF70B4200D833D4 /* CellModel.h */,
				1C120DED1CF70B4200D833D4 /* CellModel.m */,
				1C120DE91CF70B2700D833D4 /* CellOperationMenu.h */,
				1C120DEA1CF70B2700D833D4 /* CellOperationMenu.m */,
				1C120DE61CF70A1600D833D4 /* CellCommentView.h */,
				1C120DE71CF70A1600D833D4 /* CellCommentView.m */,
				1C120DE31CF709FA00D833D4 /* FootprintCell.h */,
				1C120DE41CF709FA00D833D4 /* FootprintCell.m */,
				1C120DE01CF709A300D833D4 /* PhotoContainerView.h */,
				1C120DE11CF709A300D833D4 /* PhotoContainerView.m */,
				1C120DDD1CF7058B00D833D4 /* FootprintTableViewController.h */,
				1C120DDE1CF7058B00D833D4 /* FootprintTableViewController.m */,
				1C97C4761CF7231F0094636B /* Refresh */,
				1C120DEF1CF70C1400D833D4 /* Vender */,
			);
			name = Footprint;
			sourceTree = "<group>";
		};
		1C120DC41CF7044A00D833D4 /* Friends */ = {
			isa = PBXGroup;
			children = (
				1C3591201CFC6316008227C2 /* DataGenerator.h */,
				1C3591211CFC6316008227C2 /* DataGenerator.m */,
				1C3591231CFC63E4008227C2 /* ContactModel.h */,
				1C3591241CFC63E4008227C2 /* ContactModel.m */,
				1C35911D1CFC626E008227C2 /* FriendsTableViewCell.h */,
				1C35911E1CFC626E008227C2 /* FriendsTableViewCell.m */,
				1C3591261CFC6598008227C2 /* FriendsSearchResultController.h */,
				1C3591271CFC6598008227C2 /* FriendsSearchResultController.m */,
				1C3591291CFC6769008227C2 /* FriendsTableViewController.h */,
				1C35912A1CFC6769008227C2 /* FriendsTableViewController.m */,
			);
			name = Friends;
			sourceTree = "<group>";
		};
		1C120DC51CF7045C00D833D4 /* Me */ = {
			isa = PBXGroup;
			children = (
				1C120DD81CF704F600D833D4 /* MeViewController.h */,
				1C120DD91CF704F600D833D4 /* MeViewController.m */,
				1C120DDA1CF704F600D833D4 /* MeViewController.xib */,
			);
			name = Me;
			sourceTree = "<group>";
		};
		1C120DEF1CF70C1400D833D4 /* Vender */ = {
			isa = PBXGroup;
			children = (
				1C120DF01CF70C1400D833D4 /* MLEmojiLabel */,
				1C120E151CF70C1500D833D4 /* SDAutoLayout */,
				1C120E1A1CF70C1500D833D4 /* SDPhotoBrowser */,
				1C120E221CF70C1500D833D4 /* SDRefeshView */,
				1C120E2D1CF70C1500D833D4 /* SDWebImage */,
			);
			path = Vender;
			sourceTree = "<group>";
		};
		1C120DF01CF70C1400D833D4 /* MLEmojiLabel */ = {
			isa = PBXGroup;
			children = (
				1C120DF11CF70C1400D833D4 /* MLEmoji_Expression.bundle */,
				1C120DF21CF70C1400D833D4 /* MLEmoji_Expression.plist */,
				1C120DF31CF70C1400D833D4 /* MLEmoji_ExpressionImage.plist */,
				1C120DF41CF70C1400D833D4 /* MLEmojiLabel.h */,
				1C120DF51CF70C1400D833D4 /* MLEmojiLabel.m */,
				1C120DF61CF70C1400D833D4 /* MLLabel */,
				1C120E121CF70C1500D833D4 /* TTTAttributedLabel */,
			);
			path = MLEmojiLabel;
			sourceTree = "<group>";
		};
		1C120DF61CF70C1400D833D4 /* MLLabel */ = {
			isa = PBXGroup;
			children = (
				1C120DF71CF70C1400D833D4 /* Classes */,
				1C120E101CF70C1500D833D4 /* LICENSE */,
				1C120E111CF70C1500D833D4 /* README.md */,
			);
			path = MLLabel;
			sourceTree = "<group>";
		};
		1C120DF71CF70C1400D833D4 /* Classes */ = {
			isa = PBXGroup;
			children = (
				1C120DF81CF70C1400D833D4 /* Category */,
				1C120DFF1CF70C1400D833D4 /* Expression */,
				1C120E081CF70C1400D833D4 /* Helper */,
				1C120E0C1CF70C1400D833D4 /* MLLabel.h */,
				1C120E0D1CF70C1400D833D4 /* MLLabel.m */,
				1C120E0E1CF70C1400D833D4 /* MLLinkLabel.h */,
				1C120E0F1CF70C1400D833D4 /* MLLinkLabel.m */,
			);
			path = Classes;
			sourceTree = "<group>";
		};
		1C120DF81CF70C1400D833D4 /* Category */ = {
			isa = PBXGroup;
			children = (
				1C120DF91CF70C1400D833D4 /* NSAttributedString+MLLabel.h */,
				1C120DFA1CF70C1400D833D4 /* NSAttributedString+MLLabel.m */,
				1C120DFB1CF70C1400D833D4 /* NSMutableAttributedString+MLLabel.h */,
				1C120DFC1CF70C1400D833D4 /* NSMutableAttributedString+MLLabel.m */,
				1C120DFD1CF70C1400D833D4 /* NSString+MLLabel.h */,
				1C120DFE1CF70C1400D833D4 /* NSString+MLLabel.m */,
			);
			path = Category;
			sourceTree = "<group>";
		};
		1C120DFF1CF70C1400D833D4 /* Expression */ = {
			isa = PBXGroup;
			children = (
				1C120E001CF70C1400D833D4 /* MLExpressionManager.h */,
				1C120E011CF70C1400D833D4 /* MLExpressionManager.m */,
				1C120E021CF70C1400D833D4 /* MLTextAttachment.h */,
				1C120E031CF70C1400D833D4 /* MLTextAttachment.m */,
				1C120E041CF70C1400D833D4 /* NSAttributedString+MLExpression.h */,
				1C120E051CF70C1400D833D4 /* NSAttributedString+MLExpression.m */,
				1C120E061CF70C1400D833D4 /* NSString+MLExpression.h */,
				1C120E071CF70C1400D833D4 /* NSString+MLExpression.m */,
			);
			path = Expression;
			sourceTree = "<group>";
		};
		1C120E081CF70C1400D833D4 /* Helper */ = {
			isa = PBXGroup;
			children = (
				1C120E091CF70C1400D833D4 /* MLLabel+Override.h */,
				1C120E0A1CF70C1400D833D4 /* MLLabelLayoutManager.h */,
				1C120E0B1CF70C1400D833D4 /* MLLabelLayoutManager.m */,
			);
			path = Helper;
			sourceTree = "<group>";
		};
		1C120E121CF70C1500D833D4 /* TTTAttributedLabel */ = {
			isa = PBXGroup;
			children = (
				1C120E131CF70C1500D833D4 /* TTTAttributedLabel.h */,
				1C120E141CF70C1500D833D4 /* TTTAttributedLabel.m */,
			);
			path = TTTAttributedLabel;
			sourceTree = "<group>";
		};
		1C120E151CF70C1500D833D4 /* SDAutoLayout */ = {
			isa = PBXGroup;
			children = (
				1C120E161CF70C1500D833D4 /* UITableView+SDAutoTableViewCellHeight.h */,
				1C120E171CF70C1500D833D4 /* UITableView+SDAutoTableViewCellHeight.m */,
				1C120E181CF70C1500D833D4 /* UIView+SDAutoLayout.h */,
				1C120E191CF70C1500D833D4 /* UIView+SDAutoLayout.m */,
			);
			path = SDAutoLayout;
			sourceTree = "<group>";
		};
		1C120E1A1CF70C1500D833D4 /* SDPhotoBrowser */ = {
			isa = PBXGroup;
			children = (
				1C120E1B1CF70C1500D833D4 /* SDBrowserImageView.h */,
				1C120E1C1CF70C1500D833D4 /* SDBrowserImageView.m */,
				1C120E1D1CF70C1500D833D4 /* SDPhotoBrowser.h */,
				1C120E1E1CF70C1500D833D4 /* SDPhotoBrowser.m */,
				1C120E1F1CF70C1500D833D4 /* SDPhotoBrowserConfig.h */,
				1C120E201CF70C1500D833D4 /* SDWaitingView.h */,
				1C120E211CF70C1500D833D4 /* SDWaitingView.m */,
			);
			path = SDPhotoBrowser;
			sourceTree = "<group>";
		};
		1C120E221CF70C1500D833D4 /* SDRefeshView */ = {
			isa = PBXGroup;
			children = (
				1C120E231CF70C1500D833D4 /* sdRefeshView_arrow@2x.png */,
				1C120E241CF70C1500D833D4 /* SDRefresh.h */,
				1C120E251CF70C1500D833D4 /* SDRefreshFooterView.h */,
				1C120E261CF70C1500D833D4 /* SDRefreshFooterView.m */,
				1C120E271CF70C1500D833D4 /* SDRefreshHeaderView.h */,
				1C120E281CF70C1500D833D4 /* SDRefreshHeaderView.m */,
				1C120E291CF70C1500D833D4 /* SDRefreshView.h */,
				1C120E2A1CF70C1500D833D4 /* SDRefreshView.m */,
				1C120E2B1CF70C1500D833D4 /* UIView+SDExtension.h */,
				1C120E2C1CF70C1500D833D4 /* UIView+SDExtension.m */,
			);
			path = SDRefeshView;
			sourceTree = "<group>";
		};
		1C120E2D1CF70C1500D833D4 /* SDWebImage */ = {
			isa = PBXGroup;
			children = (
				1C120E2E1CF70C1500D833D4 /* MKAnnotationView+WebCache.h */,
				1C120E2F1CF70C1500D833D4 /* MKAnnotationView+WebCache.m */,
				1C120E301CF70C1500D833D4 /* NSData+ImageContentType.h */,
				1C120E311CF70C1500D833D4 /* NSData+ImageContentType.m */,
				1C120E321CF70C1500D833D4 /* SDImageCache.h */,
				1C120E331CF70C1500D833D4 /* SDImageCache.m */,
				1C120E341CF70C1500D833D4 /* SDWebImageCompat.h */,
				1C120E351CF70C1500D833D4 /* SDWebImageCompat.m */,
				1C120E361CF70C1500D833D4 /* SDWebImageDecoder.h */,
				1C120E371CF70C1500D833D4 /* SDWebImageDecoder.m */,
				1C120E381CF70C1500D833D4 /* SDWebImageDownloader.h */,
				1C120E391CF70C1500D833D4 /* SDWebImageDownloader.m */,
				1C120E3A1CF70C1500D833D4 /* SDWebImageDownloaderOperation.h */,
				1C120E3B1CF70C1500D833D4 /* SDWebImageDownloaderOperation.m */,
				1C120E3C1CF70C1500D833D4 /* SDWebImageManager.h */,
				1C120E3D1CF70C1500D833D4 /* SDWebImageManager.m */,
				1C120E3E1CF70C1500D833D4 /* SDWebImageOperation.h */,
				1C120E3F1CF70C1500D833D4 /* SDWebImagePrefetcher.h */,
				1C120E401CF70C1500D833D4 /* SDWebImagePrefetcher.m */,
				1C120E411CF70C1500D833D4 /* UIButton+WebCache.h */,
				1C120E421CF70C1500D833D4 /* UIButton+WebCache.m */,
				1C120E431CF70C1500D833D4 /* UIImage+GIF.h */,
				1C120E441CF70C1500D833D4 /* UIImage+GIF.m */,
				1C120E451CF70C1500D833D4 /* UIImage+MultiFormat.h */,
				1C120E461CF70C1500D833D4 /* UIImage+MultiFormat.m */,
				1C120E471CF70C1500D833D4 /* UIImage+WebP.h */,
				1C120E481CF70C1500D833D4 /* UIImage+WebP.m */,
				1C120E491CF70C1500D833D4 /* UIImageView+HighlightedWebCache.h */,
				1C120E4A1CF70C1500D833D4 /* UIImageView+HighlightedWebCache.m */,
				1C120E4B1CF70C1500D833D4 /* UIImageView+WebCache.h */,
				1C120E4C1CF70C1500D833D4 /* UIImageView+WebCache.m */,
				1C120E4D1CF70C1500D833D4 /* UIView+WebCacheOperation.h */,
				1C120E4E1CF70C1500D833D4 /* UIView+WebCacheOperation.m */,
			);
			path = SDWebImage;
			sourceTree = "<group>";
		};
		1C97C4761CF7231F0094636B /* Refresh */ = {
			isa = PBXGroup;
			children = (
				1C97C4801CF72AAE0094636B /* RefreshFooter.h */,
				1C97C4811CF72AAE0094636B /* RefreshFooter.m */,
				1C97C4771CF723830094636B /* BaseRefreshView.h */,
				1C97C4781CF723830094636B /* BaseRefreshView.m */,
				1C97C47D1CF723C10094636B /* RefreshHeader.h */,
				1C97C47E1CF723C10094636B /* RefreshHeader.m */,
			);
			name = Refresh;
			sourceTree = "<group>";
		};
/* End PBXGroup section */

/* Begin PBXNativeTarget section */
		1C120DA71CF7041200D833D4 /* Volunteers */ = {
			isa = PBXNativeTarget;
			buildConfigurationList = 1C120DBF1CF7041200D833D4 /* Build configuration list for PBXNativeTarget "Volunteers" */;
			buildPhases = (
				1C120DA41CF7041200D833D4 /* Sources */,
				1C120DA51CF7041200D833D4 /* Frameworks */,
				1C120DA61CF7041200D833D4 /* Resources */,
			);
			buildRules = (
			);
			dependencies = (
			);
			name = Volunteers;
			productName = Volunteers;
			productReference = 1C120DA81CF7041200D833D4 /* Volunteers.app */;
			productType = "com.apple.product-type.application";
		};
/* End PBXNativeTarget section */

/* Begin PBXProject section */
		1C120DA01CF7041200D833D4 /* Project object */ = {
			isa = PBXProject;
			attributes = {
				LastUpgradeCheck = 0730;
				ORGANIZATIONNAME = yuan;
				TargetAttributes = {
					1C120DA71CF7041200D833D4 = {
						CreatedOnToolsVersion = 7.3;
					};
				};
			};
			buildConfigurationList = 1C120DA31CF7041200D833D4 /* Build configuration list for PBXProject "Volunteers" */;
			compatibilityVersion = "Xcode 3.2";
			developmentRegion = English;
			hasScannedForEncodings = 0;
			knownRegions = (
				en,
				Base,
			);
			mainGroup = 1C120D9F1CF7041200D833D4;
			productRefGroup = 1C120DA91CF7041200D833D4 /* Products */;
			projectDirPath = "";
			projectRoot = "";
			targets = (
				1C120DA71CF7041200D833D4 /* Volunteers */,
			);
		};
/* End PBXProject section */

/* Begin PBXResourcesBuildPhase section */
		1C120DA61CF7041200D833D4 /* Resources */ = {
			isa = PBXResourcesBuildPhase;
			buildActionMask = 2147483647;
			files = (
				1C120E651CF70C1500D833D4 /* sdRefeshView_arrow@2x.png in Resources */,
				1C120DBB1CF7041200D833D4 /* LaunchScreen.storyboard in Resources */,
				1C120E511CF70C1500D833D4 /* MLEmoji_ExpressionImage.plist in Resources */,
				1C120DCA1CF7049600D833D4 /* TaskViewController.xib in Resources */,
				1C120E5D1CF70C1500D833D4 /* LICENSE in Resources */,
				1C120DB81CF7041200D833D4 /* Assets.xcassets in Resources */,
				1C120DB61CF7041200D833D4 /* Main.storyboard in Resources */,
				1C120E4F1CF70C1500D833D4 /* MLEmoji_Expression.bundle in Resources */,
				1C120E501CF70C1500D833D4 /* MLEmoji_Expression.plist in Resources */,
				1C120DDC1CF704F600D833D4 /* MeViewController.xib in Resources */,
			);
			runOnlyForDeploymentPostprocessing = 0;
		};
/* End PBXResourcesBuildPhase section */

/* Begin PBXSourcesBuildPhase section */
		1C120DA41CF7041200D833D4 /* Sources */ = {
			isa = PBXSourcesBuildPhase;
			buildActionMask = 2147483647;
			files = (
				1C120E531CF70C1500D833D4 /* NSAttributedString+MLLabel.m in Sources */,
				1C120E661CF70C1500D833D4 /* SDRefreshFooterView.m in Sources */,
				1C120E601CF70C1500D833D4 /* UITableView+SDAutoTableViewCellHeight.m in Sources */,
				1C120E681CF70C1500D833D4 /* SDRefreshView.m in Sources */,
				1C120DB31CF7041200D833D4 /* ViewController.m in Sources */,
				1C120E621CF70C1500D833D4 /* SDBrowserImageView.m in Sources */,
				1C120E641CF70C1500D833D4 /* SDWaitingView.m in Sources */,
				1C120DDB1CF704F600D833D4 /* MeViewController.m in Sources */,
				1C120E611CF70C1500D833D4 /* UIView+SDAutoLayout.m in Sources */,
				1C120DC91CF7049600D833D4 /* TaskViewController.m in Sources */,
				1C120DB01CF7041200D833D4 /* AppDelegate.m in Sources */,
				1C120E791CF70C1500D833D4 /* UIView+WebCacheOperation.m in Sources */,
				1C120E631CF70C1500D833D4 /* SDPhotoBrowser.m in Sources */,
				1C97C4821CF72AAE0094636B /* RefreshFooter.m in Sources */,
				1C120E6E1CF70C1500D833D4 /* SDWebImageDecoder.m in Sources */,
				1C120E5E1CF70C1500D833D4 /* README.md in Sources */,
				1C3591281CFC6598008227C2 /* FriendsSearchResultController.m in Sources */,
				1C120E711CF70C1500D833D4 /* SDWebImageManager.m in Sources */,
				1C120E5A1CF70C1500D833D4 /* MLLabelLayoutManager.m in Sources */,
				1C120E691CF70C1500D833D4 /* UIView+SDExtension.m in Sources */,
				1C97C4791CF723830094636B /* BaseRefreshView.m in Sources */,
				1C120E771CF70C1500D833D4 /* UIImageView+HighlightedWebCache.m in Sources */,
				1C120E741CF70C1500D833D4 /* UIImage+GIF.m in Sources */,
				1C120E5B1CF70C1500D833D4 /* MLLabel.m in Sources */,
				1C97C47F1CF723C10094636B /* RefreshHeader.m in Sources */,
				1C120E571CF70C1500D833D4 /* MLTextAttachment.m in Sources */,
				1C120E6C1CF70C1500D833D4 /* SDImageCache.m in Sources */,
				1C120E6A1CF70C1500D833D4 /* MKAnnotationView+WebCache.m in Sources */,
				1C120E701CF70C1500D833D4 /* SDWebImageDownloaderOperation.m in Sources */,
				1C120DE51CF709FA00D833D4 /* FootprintCell.m in Sources */,
				1C3591251CFC63E4008227C2 /* ContactModel.m in Sources */,
				1C120DDF1CF7058B00D833D4 /* FootprintTableViewController.m in Sources */,
				1C120E731CF70C1500D833D4 /* UIButton+WebCache.m in Sources */,
				1C120DAD1CF7041200D833D4 /* main.m in Sources */,
				1C120E6F1CF70C1500D833D4 /* SDWebImageDownloader.m in Sources */,
				1C120E6B1CF70C1500D833D4 /* NSData+ImageContentType.m in Sources */,
				1C3591221CFC6316008227C2 /* DataGenerator.m in Sources */,
				1C120E551CF70C1500D833D4 /* NSString+MLLabel.m in Sources */,
				1C120E521CF70C1500D833D4 /* MLEmojiLabel.m in Sources */,
				1C120E561CF70C1500D833D4 /* MLExpressionManager.m in Sources */,
				1C120E761CF70C1500D833D4 /* UIImage+WebP.m in Sources */,
				1C120DEB1CF70B2700D833D4 /* CellOperationMenu.m in Sources */,
				1C120DE81CF70A1600D833D4 /* CellCommentView.m in Sources */,
				1C120E721CF70C1500D833D4 /* SDWebImagePrefetcher.m in Sources */,
				1C120E751CF70C1500D833D4 /* UIImage+MultiFormat.m in Sources */,
				1C120E6D1CF70C1500D833D4 /* SDWebImageCompat.m in Sources */,
				1C120DE21CF709A300D833D4 /* PhotoContainerView.m in Sources */,
				1C35911F1CFC626E008227C2 /* FriendsTableViewCell.m in Sources */,
				1C35912B1CFC6769008227C2 /* FriendsTableViewController.m in Sources */,
				1C120E541CF70C1500D833D4 /* NSMutableAttributedString+MLLabel.m in Sources */,
				1C120E671CF70C1500D833D4 /* SDRefreshHeaderView.m in Sources */,
				1C120DEE1CF70B4200D833D4 /* CellModel.m in Sources */,
				1C120E591CF70C1500D833D4 /* NSString+MLExpression.m in Sources */,
				1C120E5C1CF70C1500D833D4 /* MLLinkLabel.m in Sources */,
				1C120E781CF70C1500D833D4 /* UIImageView+WebCache.m in Sources */,
				1C120E581CF70C1500D833D4 /* NSAttributedString+MLExpression.m in Sources */,
				1C120E5F1CF70C1500D833D4 /* TTTAttributedLabel.m in Sources */,
			);
			runOnlyForDeploymentPostprocessing = 0;
		};
/* End PBXSourcesBuildPhase section */

/* Begin PBXVariantGroup section */
		1C120DB41CF7041200D833D4 /* Main.storyboard */ = {
			isa = PBXVariantGroup;
			children = (
				1C120DB51CF7041200D833D4 /* Base */,
			);
			name = Main.storyboard;
			sourceTree = "<group>";
		};
		1C120DB91CF7041200D833D4 /* LaunchScreen.storyboard */ = {
			isa = PBXVariantGroup;
			children = (
				1C120DBA1CF7041200D833D4 /* Base */,
			);
			name = LaunchScreen.storyboard;
			sourceTree = "<group>";
		};
/* End PBXVariantGroup section */

/* Begin XCBuildConfiguration section */
		1C120DBD1CF7041200D833D4 /* Debug */ = {
			isa = XCBuildConfiguration;
			buildSettings = {
				ALWAYS_SEARCH_USER_PATHS = NO;
				CLANG_ANALYZER_NONNULL = YES;
				CLANG_CXX_LANGUAGE_STANDARD = "gnu++0x";
				CLANG_CXX_LIBRARY = "libc++";
				CLANG_ENABLE_MODULES = YES;
				CLANG_ENABLE_OBJC_ARC = YES;
				CLANG_WARN_BOOL_CONVERSION = YES;
				CLANG_WARN_CONSTANT_CONVERSION = YES;
				CLANG_WARN_DIRECT_OBJC_ISA_USAGE = YES_ERROR;
				CLANG_WARN_EMPTY_BODY = YES;
				CLANG_WARN_ENUM_CONVERSION = YES;
				CLANG_WARN_INT_CONVERSION = YES;
				CLANG_WARN_OBJC_ROOT_CLASS = YES_ERROR;
				CLANG_WARN_UNREACHABLE_CODE = YES;
				CLANG_WARN__DUPLICATE_METHOD_MATCH = YES;
				"CODE_SIGN_IDENTITY[sdk=iphoneos*]" = "iPhone Developer";
				COPY_PHASE_STRIP = NO;
				DEBUG_INFORMATION_FORMAT = dwarf;
				ENABLE_STRICT_OBJC_MSGSEND = YES;
				ENABLE_TESTABILITY = YES;
				GCC_C_LANGUAGE_STANDARD = gnu99;
				GCC_DYNAMIC_NO_PIC = NO;
				GCC_NO_COMMON_BLOCKS = YES;
				GCC_OPTIMIZATION_LEVEL = 0;
				GCC_PREPROCESSOR_DEFINITIONS = (
					"DEBUG=1",
					"$(inherited)",
				);
				GCC_WARN_64_TO_32_BIT_CONVERSION = YES;
				GCC_WARN_ABOUT_RETURN_TYPE = YES_ERROR;
				GCC_WARN_UNDECLARED_SELECTOR = YES;
				GCC_WARN_UNINITIALIZED_AUTOS = YES_AGGRESSIVE;
				GCC_WARN_UNUSED_FUNCTION = YES;
				GCC_WARN_UNUSED_VARIABLE = YES;
				IPHONEOS_DEPLOYMENT_TARGET = 9.3;
				MTL_ENABLE_DEBUG_INFO = YES;
				ONLY_ACTIVE_ARCH = YES;
				SDKROOT = iphoneos;
				TARGETED_DEVICE_FAMILY = "1,2";
			};
			name = Debug;
		};
		1C120DBE1CF7041200D833D4 /* Release */ = {
			isa = XCBuildConfiguration;
			buildSettings = {
				ALWAYS_SEARCH_USER_PATHS = NO;
				CLANG_ANALYZER_NONNULL = YES;
				CLANG_CXX_LANGUAGE_STANDARD = "gnu++0x";
				CLANG_CXX_LIBRARY = "libc++";
				CLANG_ENABLE_MODULES = YES;
				CLANG_ENABLE_OBJC_ARC = YES;
				CLANG_WARN_BOOL_CONVERSION = YES;
				CLANG_WARN_CONSTANT_CONVERSION = YES;
				CLANG_WARN_DIRECT_OBJC_ISA_USAGE = YES_ERROR;
				CLANG_WARN_EMPTY_BODY = YES;
				CLANG_WARN_ENUM_CONVERSION = YES;
				CLANG_WARN_INT_CONVERSION = YES;
				CLANG_WARN_OBJC_ROOT_CLASS = YES_ERROR;
				CLANG_WARN_UNREACHABLE_CODE = YES;
				CLANG_WARN__DUPLICATE_METHOD_MATCH = YES;
				"CODE_SIGN_IDENTITY[sdk=iphoneos*]" = "iPhone Developer";
				COPY_PHASE_STRIP = NO;
				DEBUG_INFORMATION_FORMAT = "dwarf-with-dsym";
				ENABLE_NS_ASSERTIONS = NO;
				ENABLE_STRICT_OBJC_MSGSEND = YES;
				GCC_C_LANGUAGE_STANDARD = gnu99;
				GCC_NO_COMMON_BLOCKS = YES;
				GCC_WARN_64_TO_32_BIT_CONVERSION = YES;
				GCC_WARN_ABOUT_RETURN_TYPE = YES_ERROR;
				GCC_WARN_UNDECLARED_SELECTOR = YES;
				GCC_WARN_UNINITIALIZED_AUTOS = YES_AGGRESSIVE;
				GCC_WARN_UNUSED_FUNCTION = YES;
				GCC_WARN_UNUSED_VARIABLE = YES;
				IPHONEOS_DEPLOYMENT_TARGET = 9.3;
				MTL_ENABLE_DEBUG_INFO = NO;
				SDKROOT = iphoneos;
				TARGETED_DEVICE_FAMILY = "1,2";
				VALIDATE_PRODUCT = YES;
			};
			name = Release;
		};
		1C120DC01CF7041200D833D4 /* Debug */ = {
			isa = XCBuildConfiguration;
			buildSettings = {
				ASSETCATALOG_COMPILER_APPICON_NAME = AppIcon;
				INFOPLIST_FILE = Volunteers/Info.plist;
				LD_RUNPATH_SEARCH_PATHS = "$(inherited) @executable_path/Frameworks";
				PRODUCT_BUNDLE_IDENTIFIER = "---.Volunteers";
				PRODUCT_NAME = "$(TARGET_NAME)";
			};
			name = Debug;
		};
		1C120DC11CF7041200D833D4 /* Release */ = {
			isa = XCBuildConfiguration;
			buildSettings = {
				ASSETCATALOG_COMPILER_APPICON_NAME = AppIcon;
				INFOPLIST_FILE = Volunteers/Info.plist;
				LD_RUNPATH_SEARCH_PATHS = "$(inherited) @executable_path/Frameworks";
				PRODUCT_BUNDLE_IDENTIFIER = "---.Volunteers";
				PRODUCT_NAME = "$(TARGET_NAME)";
			};
			name = Release;
		};
/* End XCBuildConfiguration section */

/* Begin XCConfigurationList section */
		1C120DA31CF7041200D833D4 /* Build configuration list for PBXProject "Volunteers" */ = {
			isa = XCConfigurationList;
			buildConfigurations = (
				1C120DBD1CF7041200D833D4 /* Debug */,
				1C120DBE1CF7041200D833D4 /* Release */,
			);
			defaultConfigurationIsVisible = 0;
			defaultConfigurationName = Release;
		};
		1C120DBF1CF7041200D833D4 /* Build configuration list for PBXNativeTarget "Volunteers" */ = {
			isa = XCConfigurationList;
			buildConfigurations = (
				1C120DC01CF7041200D833D4 /* Debug */,
				1C120DC11CF7041200D833D4 /* Release */,
			);
			defaultConfigurationIsVisible = 0;
			defaultConfigurationName = Release;
		};
/* End XCConfigurationList section */
	};
	rootObject = 1C120DA01CF7041200D833D4 /* Project object */;
}
